
Microsoft Visual Studio Solution File, Format Version 12.00
# Visual Studio Version 17
VisualStudioVersion = 17.2.32630.192
MinimumVisualStudioVersion = 10.0.40219.1
Project("{FAE04EC0-301F-11D3-BF4B-00C04F79EFBC}") = "SyntaxEx1", "SyntaxEx1\SyntaxEx1.csproj", "{7103770B-47CD-4383-BADA-C35D81B14CEB}"
EndProject
Global
	GlobalSection(SolutionConfigurationPlatforms) = preSolution
		Debug|Any CPU = Debug|Any CPU
		Release|Any CPU = Release|Any CPU
	EndGlobalSection
	GlobalSection(ProjectConfigurationPlatforms) = postSolution
		{7103770B-47CD-4383-BADA-C35D81B14CEB}.Debug|Any CPU.ActiveCfg = Debug|Any CPU
		{7103770B-47CD-4383-BADA-C35D81B14CEB}.Debug|Any CPU.Build.0 = Debug|Any CPU
		{7103770B-47CD-4383-BADA-C35D81B14CEB}.Release|Any CPU.ActiveCfg = Release|Any CPU
		{7103770B-47CD-4383-BADA-C35D81B14CEB}.Release|Any CPU.Build.0 = Release|Any CPU
	EndGlobalSection
	GlobalSection(SolutionProperties) = preSolution
		HideSolutionNode = FALSE
	EndGlobalSection
	GlobalSection(ExtensibilityGlobals) = postSolution
		SolutionGuid = {F0652506-071F-4AB8-96E5-851922515598}
	EndGlobalSection
EndGlobal
